
Microsoft Visual Studio Solution File, Format Version 12.00
# Visual Studio 15
VisualStudioVersion = 15.0.28010.2048
MinimumVisualStudioVersion = 10.0.40219.1
Project("{9A19103F-16F7-4668-BE54-9A1E7A4F7556}") = "AspnetCoreCustomLocalization", "AspnetCoreCustomLocalization\AspnetCoreCustomLocalization.csproj", "{3F235FB6-4764-41DD-835F-859F5E01BDB5}"
EndProject
Global
	GlobalSection(SolutionConfigurationPlatforms) = preSolution
		Debug|Any CPU = Debug|Any CPU
		Release|Any CPU = Release|Any CPU
	EndGlobalSection
	GlobalSection(ProjectConfigurationPlatforms) = postSolution
		{3F235FB6-4764-41DD-835F-859F5E01BDB5}.Debug|Any CPU.ActiveCfg = Debug|Any CPU
		{3F235FB6-4764-41DD-835F-859F5E01BDB5}.Debug|Any CPU.Build.0 = Debug|Any CPU
		{3F235FB6-4764-41DD-835F-859F5E01BDB5}.Release|Any CPU.ActiveCfg = Release|Any CPU
		{3F235FB6-4764-41DD-835F-859F5E01BDB5}.Release|Any CPU.Build.0 = Release|Any CPU
	EndGlobalSection
	GlobalSection(SolutionProperties) = preSolution
		HideSolutionNode = FALSE
	EndGlobalSection
	GlobalSection(ExtensibilityGlobals) = postSolution
		SolutionGuid = {A097FAC4-6756-41B9-BACD-E4014E146400}
	EndGlobalSection
EndGlobal
